// !$*UTF8*$!
{
	archiveVersion = 1;
	classes = {
	};
	objectVersion = 50;
	objects = {

/* Begin PBXBuildFile section */
		11AA3C0F22B843F10007FBA5 /* consul.png in Resources */ = {isa = PBXBuildFile; fileRef = 11AA3C0E22B843F10007FBA5 /* consul.png */; };
		11B648F422B833F60065CE65 /* AppDelegate.swift in Sources */ = {isa = PBXBuildFile; fileRef = 11B648F322B833F60065CE65 /* AppDelegate.swift */; };
		11B648F622B833F60065CE65 /* ViewController.swift in Sources */ = {isa = PBXBuildFile; fileRef = 11B648F522B833F60065CE65 /* ViewController.swift */; };
		11B648F822B833F80065CE65 /* Assets.xcassets in Resources */ = {isa = PBXBuildFile; fileRef = 11B648F722B833F80065CE65 /* Assets.xcassets */; };
		11B648FB22B833F80065CE65 /* Main.storyboard in Resources */ = {isa = PBXBuildFile; fileRef = 11B648F922B833F80065CE65 /* Main.storyboard */; };
		11B6490722B833F80065CE65 /* ConsulTouchBarOpsTests.swift in Sources */ = {isa = PBXBuildFile; fileRef = 11B6490622B833F80065CE65 /* ConsulTouchBarOpsTests.swift */; };
		11B6491222B838BF0065CE65 /* TouchBarController.swift in Sources */ = {isa = PBXBuildFile; fileRef = 11B6491122B838BF0065CE65 /* TouchBarController.swift */; };
/* End PBXBuildFile section */

/* Begin PBXContainerItemProxy section */
		11B6490322B833F80065CE65 /* PBXContainerItemProxy */ = {
			isa = PBXContainerItemProxy;
			containerPortal = 11B648E822B833F60065CE65 /* Project object */;
			proxyType = 1;
			remoteGlobalIDString = 11B648EF22B833F60065CE65;
			remoteInfo = ConsulTouchBarOps;
		};
/* End PBXContainerItemProxy section */

/* Begin PBXFileReference section */
		11AA3C0E22B843F10007FBA5 /* consul.png */ = {isa = PBXFileReference; lastKnownFileType = image.png; path = consul.png; sourceTree = "<group>"; };
		11B648F022B833F60065CE65 /* ConsulTouchBarOps.app */ = {isa = PBXFileReference; explicitFileType = wrapper.application; includeInIndex = 0; path = ConsulTouchBarOps.app; sourceTree = BUILT_PRODUCTS_DIR; };
		11B648F322B833F60065CE65 /* AppDelegate.swift */ = {isa = PBXFileReference; lastKnownFileType = sourcecode.swift; path = AppDelegate.swift; sourceTree = "<group>"; };
		11B648F522B833F60065CE65 /* ViewController.swift */ = {isa = PBXFileReference; lastKnownFileType = sourcecode.swift; path = ViewController.swift; sourceTree = "<group>"; };
		11B648F722B833F80065CE65 /* Assets.xcassets */ = {isa = PBXFileReference; lastKnownFileType = folder.assetcatalog; path = Assets.xcassets; sourceTree = "<group>"; };
		11B648FA22B833F80065CE65 /* Base */ = {isa = PBXFileReference; lastKnownFileType = file.storyboard; name = Base; path = Base.lproj/Main.storyboard; sourceTree = "<group>"; };
		11B648FC22B833F80065CE65 /* Info.plist */ = {isa = PBXFileReference; lastKnownFileType = text.plist.xml; path = Info.plist; sourceTree = "<group>"; };
		11B648FD22B833F80065CE65 /* ConsulTouchBarOps.entitlements */ = {isa = PBXFileReference; lastKnownFileType = text.plist.entitlements; path = ConsulTouchBarOps.entitlements; sourceTree = "<group>"; };
		11B6490222B833F80065CE65 /* ConsulTouchBarOpsTests.xctest */ = {isa = PBXFileReference; explicitFileType = wrapper.cfbundle; includeInIndex = 0; path = ConsulTouchBarOpsTests.xctest; sourceTree = BUILT_PRODUCTS_DIR; };
		11B6490622B833F80065CE65 /* ConsulTouchBarOpsTests.swift */ = {isa = PBXFileReference; lastKnownFileType = sourcecode.swift; path = ConsulTouchBarOpsTests.swift; sourceTree = "<group>"; };
		11B6490822B833F80065CE65 /* Info.plist */ = {isa = PBXFileReference; lastKnownFileType = text.plist.xml; path = Info.plist; sourceTree = "<group>"; };
		11B6491122B838BF0065CE65 /* TouchBarController.swift */ = {isa = PBXFileReference; lastKnownFileType = sourcecode.swift; path = TouchBarController.swift; sourceTree = "<group>"; };
/* End PBXFileReference section */

/* Begin PBXFrameworksBuildPhase section */
		11B648ED22B833F60065CE65 /* Frameworks */ = {
			isa = PBXFrameworksBuildPhase;
			buildActionMask = 2147483647;
			files = (
			);
			runOnlyForDeploymentPostprocessing = 0;
		};
		11B648FF22B833F80065CE65 /* Frameworks */ = {
			isa = PBXFrameworksBuildPhase;
			buildActionMask = 2147483647;
			files = (
			);
			runOnlyForDeploymentPostprocessing = 0;
		};
/* End PBXFrameworksBuildPhase section */

/* Begin PBXGroup section */
		11B648E722B833F60065CE65 = {
			isa = PBXGroup;
			children = (
				11B648F222B833F60065CE65 /* ConsulTouchBarOps */,
				11B6490522B833F80065CE65 /* ConsulTouchBarOpsTests */,
				11B648F122B833F60065CE65 /* Products */,
			);
			sourceTree = "<group>";
		};
		11B648F122B833F60065CE65 /* Products */ = {
			isa = PBXGroup;
			children = (
				11B648F022B833F60065CE65 /* ConsulTouchBarOps.app */,
				11B6490222B833F80065CE65 /* ConsulTouchBarOpsTests.xctest */,
			);
			name = Products;
			sourceTree = "<group>";
		};
		11B648F222B833F60065CE65 /* ConsulTouchBarOps */ = {
			isa = PBXGroup;
			children = (
				11AA3C0E22B843F10007FBA5 /* consul.png */,
				11B648F322B833F60065CE65 /* AppDelegate.swift */,
				11B648F522B833F60065CE65 /* ViewController.swift */,
				11B648F722B833F80065CE65 /* Assets.xcassets */,
				11B648F922B833F80065CE65 /* Main.storyboard */,
				11B6491122B838BF0065CE65 /* TouchBarController.swift */,
				11B648FC22B833F80065CE65 /* Info.plist */,
				11B648FD22B833F80065CE65 /* ConsulTouchBarOps.entitlements */,
			);
			path = ConsulTouchBarOps;
			sourceTree = "<group>";
		};
		11B6490522B833F80065CE65 /* ConsulTouchBarOpsTests */ = {
			isa = PBXGroup;
			children = (
				11B6490622B833F80065CE65 /* ConsulTouchBarOpsTests.swift */,
				11B6490822B833F80065CE65 /* Info.plist */,
			);
			path = ConsulTouchBarOpsTests;
			sourceTree = "<group>";
		};
/* End PBXGroup section */

/* Begin PBXNativeTarget section */
		11B648EF22B833F60065CE65 /* ConsulTouchBarOps */ = {
			isa = PBXNativeTarget;
			buildConfigurationList = 11B6490B22B833F80065CE65 /* Build configuration list for PBXNativeTarget "ConsulTouchBarOps" */;
			buildPhases = (
				11B648EC22B833F60065CE65 /* Sources */,
				11B648ED22B833F60065CE65 /* Frameworks */,
				11B648EE22B833F60065CE65 /* Resources */,
			);
			buildRules = (
			);
			dependencies = (
			);
			name = ConsulTouchBarOps;
			productName = ConsulTouchBarOps;
			productReference = 11B648F022B833F60065CE65 /* ConsulTouchBarOps.app */;
			productType = "com.apple.product-type.application";
		};
		11B6490122B833F80065CE65 /* ConsulTouchBarOpsTests */ = {
			isa = PBXNativeTarget;
			buildConfigurationList = 11B6490E22B833F80065CE65 /* Build configuration list for PBXNativeTarget "ConsulTouchBarOpsTests" */;
			buildPhases = (
				11B648FE22B833F80065CE65 /* Sources */,
				11B648FF22B833F80065CE65 /* Frameworks */,
				11B6490022B833F80065CE65 /* Resources */,
			);
			buildRules = (
			);
			dependencies = (
				11B6490422B833F80065CE65 /* PBXTargetDependency */,
			);
			name = ConsulTouchBarOpsTests;
			productName = ConsulTouchBarOpsTests;
			productReference = 11B6490222B833F80065CE65 /* ConsulTouchBarOpsTests.xctest */;
			productType = "com.apple.product-type.bundle.unit-test";
		};
/* End PBXNativeTarget section */

/* Begin PBXProject section */
		11B648E822B833F60065CE65 /* Project object */ = {
			isa = PBXProject;
			attributes = {
				LastSwiftUpdateCheck = 1020;
				LastUpgradeCheck = 1020;
				ORGANIZATIONNAME = banks;
				TargetAttributes = {
					11B648EF22B833F60065CE65 = {
						CreatedOnToolsVersion = 10.2.1;
					};
					11B6490122B833F80065CE65 = {
						CreatedOnToolsVersion = 10.2.1;
						TestTargetID = 11B648EF22B833F60065CE65;
					};
				};
			};
			buildConfigurationList = 11B648EB22B833F60065CE65 /* Build configuration list for PBXProject "ConsulTouchBarOps" */;
			compatibilityVersion = "Xcode 9.3";
			developmentRegion = en;
			hasScannedForEncodings = 0;
			knownRegions = (
				en,
				Base,
			);
			mainGroup = 11B648E722B833F60065CE65;
			productRefGroup = 11B648F122B833F60065CE65 /* Products */;
			projectDirPath = "";
			projectRoot = "";
			targets = (
				11B648EF22B833F60065CE65 /* ConsulTouchBarOps */,
				11B6490122B833F80065CE65 /* ConsulTouchBarOpsTests */,
			);
		};
/* End PBXProject section */

/* Begin PBXResourcesBuildPhase section */
		11B648EE22B833F60065CE65 /* Resources */ = {
			isa = PBXResourcesBuildPhase;
			buildActionMask = 2147483647;
			files = (
				11AA3C0F22B843F10007FBA5 /* consul.png in Resources */,
				11B648F822B833F80065CE65 /* Assets.xcassets in Resources */,
				11B648FB22B833F80065CE65 /* Main.storyboard in Resources */,
			);
			runOnlyForDeploymentPostprocessing = 0;
		};
		11B6490022B833F80065CE65 /* Resources */ = {
			isa = PBXResourcesBuildPhase;
			buildActionMask = 2147483647;
			files = (
			);
			runOnlyForDeploymentPostprocessing = 0;
		};
/* End PBXResourcesBuildPhase section */

/* Begin PBXSourcesBuildPhase section */
		11B648EC22B833F60065CE65 /* Sources */ = {
			isa = PBXSourcesBuildPhase;
			buildActionMask = 2147483647;
			files = (
				11B648F622B833F60065CE65 /* ViewController.swift in Sources */,
				11B6491222B838BF0065CE65 /* TouchBarController.swift in Sources */,
				11B648F422B833F60065CE65 /* AppDelegate.swift in Sources */,
			);
			runOnlyForDeploymentPostprocessing = 0;
		};
		11B648FE22B833F80065CE65 /* Sources */ = {
			isa = PBXSourcesBuildPhase;
			buildActionMask = 2147483647;
			files = (
				11B6490722B833F80065CE65 /* ConsulTouchBarOpsTests.swift in Sources */,
			);
			runOnlyForDeploymentPostprocessing = 0;
		};
/* End PBXSourcesBuildPhase section */

/* Begin PBXTargetDependency section */
		11B6490422B833F80065CE65 /* PBXTargetDependency */ = {
			isa = PBXTargetDependency;
			target = 11B648EF22B833F60065CE65 /* ConsulTouchBarOps */;
			targetProxy = 11B6490322B833F80065CE65 /* PBXContainerItemProxy */;
		};
/* End PBXTargetDependency section */

/* Begin PBXVariantGroup section */
		11B648F922B833F80065CE65 /* Main.storyboard */ = {
			isa = PBXVariantGroup;
			children = (
				11B648FA22B833F80065CE65 /* Base */,
			);
			name = Main.storyboard;
			sourceTree = "<group>";
		};
/* End PBXVariantGroup section */

/* Begin XCBuildConfiguration section */
		11B6490922B833F80065CE65 /* Debug */ = {
			isa = XCBuildConfiguration;
			buildSettings = {
				ALWAYS_SEARCH_USER_PATHS = NO;
				CLANG_ANALYZER_NONNULL = YES;
				CLANG_ANALYZER_NUMBER_OBJECT_CONVERSION = YES_AGGRESSIVE;
				CLANG_CXX_LANGUAGE_STANDARD = "gnu++14";
				CLANG_CXX_LIBRARY = "libc++";
				CLANG_ENABLE_MODULES = YES;
				CLANG_ENABLE_OBJC_ARC = YES;
				CLANG_ENABLE_OBJC_WEAK = YES;
				CLANG_WARN_BLOCK_CAPTURE_AUTORELEASING = YES;
				CLANG_WARN_BOOL_CONVERSION = YES;
				CLANG_WARN_COMMA = YES;
				CLANG_WARN_CONSTANT_CONVERSION = YES;
				CLANG_WARN_DEPRECATED_OBJC_IMPLEMENTATIONS = YES;
				CLANG_WARN_DIRECT_OBJC_ISA_USAGE = YES_ERROR;
				CLANG_WARN_DOCUMENTATION_COMMENTS = YES;
				CLANG_WARN_EMPTY_BODY = YES;
				CLANG_WARN_ENUM_CONVERSION = YES;
				CLANG_WARN_INFINITE_RECURSION = YES;
				CLANG_WARN_INT_CONVERSION = YES;
				CLANG_WARN_NON_LITERAL_NULL_CONVERSION = YES;
				CLANG_WARN_OBJC_IMPLICIT_RETAIN_SELF = YES;
				CLANG_WARN_OBJC_LITERAL_CONVERSION = YES;
				CLANG_WARN_OBJC_ROOT_CLASS = YES_ERROR;
				CLANG_WARN_RANGE_LOOP_ANALYSIS = YES;
				CLANG_WARN_STRICT_PROTOTYPES = YES;
				CLANG_WARN_SUSPICIOUS_MOVE = YES;
				CLANG_WARN_UNGUARDED_AVAILABILITY = YES_AGGRESSIVE;
				CLANG_WARN_UNREACHABLE_CODE = YES;
				CLANG_WARN__DUPLICATE_METHOD_MATCH = YES;
				CODE_SIGN_IDENTITY = "-";
				COPY_PHASE_STRIP = NO;
				DEBUG_INFORMATION_FORMAT = dwarf;
				ENABLE_STRICT_OBJC_MSGSEND = YES;
				ENABLE_TESTABILITY = YES;
				GCC_C_LANGUAGE_STANDARD = gnu11;
				GCC_DYNAMIC_NO_PIC = NO;
				GCC_NO_COMMON_BLOCKS = YES;
				GCC_OPTIMIZATION_LEVEL = 0;
				GCC_PREPROCESSOR_DEFINITIONS = (
					"DEBUG=1",
					"$(inherited)",
				);
				GCC_WARN_64_TO_32_BIT_CONVERSION = YES;
				GCC_WARN_ABOUT_RETURN_TYPE = YES_ERROR;
				GCC_WARN_UNDECLARED_SELECTOR = YES;
				GCC_WARN_UNINITIALIZED_AUTOS = YES_AGGRESSIVE;
				GCC_WARN_UNUSED_FUNCTION = YES;
				GCC_WARN_UNUSED_VARIABLE = YES;
				MACOSX_DEPLOYMENT_TARGET = 10.14;
				MTL_ENABLE_DEBUG_INFO = INCLUDE_SOURCE;
				MTL_FAST_MATH = YES;
				ONLY_ACTIVE_ARCH = YES;
				SDKROOT = macosx;
				SWIFT_ACTIVE_COMPILATION_CONDITIONS = DEBUG;
				SWIFT_OPTIMIZATION_LEVEL = "-Onone";
			};
			name = Debug;
		};
		11B6490A22B833F80065CE65 /* Release */ = {
			isa = XCBuildConfiguration;
			buildSettings = {
				ALWAYS_SEARCH_USER_PATHS = NO;
				CLANG_ANALYZER_NONNULL = YES;
				CLANG_ANALYZER_NUMBER_OBJECT_CONVERSION = YES_AGGRESSIVE;
				CLANG_CXX_LANGUAGE_STANDARD = "gnu++14";
				CLANG_CXX_LIBRARY = "libc++";
				CLANG_ENABLE_MODULES = YES;
				CLANG_ENABLE_OBJC_ARC = YES;
				CLANG_ENABLE_OBJC_WEAK = YES;
				CLANG_WARN_BLOCK_CAPTURE_AUTORELEASING = YES;
				CLANG_WARN_BOOL_CONVERSION = YES;
				CLANG_WARN_COMMA = YES;
				CLANG_WARN_CONSTANT_CONVERSION = YES;
				CLANG_WARN_DEPRECATED_OBJC_IMPLEMENTATIONS = YES;
				CLANG_WARN_DIRECT_OBJC_ISA_USAGE = YES_ERROR;
				CLANG_WARN_DOCUMENTATION_COMMENTS = YES;
				CLANG_WARN_EMPTY_BODY = YES;
				CLANG_WARN_ENUM_CONVERSION = YES;
				CLANG_WARN_INFINITE_RECURSION = YES;
				CLANG_WARN_INT_CONVERSION = YES;
				CLANG_WARN_NON_LITERAL_NULL_CONVERSION = YES;
				CLANG_WARN_OBJC_IMPLICIT_RETAIN_SELF = YES;
				CLANG_WARN_OBJC_LITERAL_CONVERSION = YES;
				CLANG_WARN_OBJC_ROOT_CLASS = YES_ERROR;
				CLANG_WARN_RANGE_LOOP_ANALYSIS = YES;
				CLANG_WARN_STRICT_PROTOTYPES = YES;
				CLANG_WARN_SUSPICIOUS_MOVE = YES;
				CLANG_WARN_UNGUARDED_AVAILABILITY = YES_AGGRESSIVE;
				CLANG_WARN_UNREACHABLE_CODE = YES;
				CLANG_WARN__DUPLICATE_METHOD_MATCH = YES;
				CODE_SIGN_IDENTITY = "-";
				COPY_PHASE_STRIP = NO;
				DEBUG_INFORMATION_FORMAT = "dwarf-with-dsym";
				ENABLE_NS_ASSERTIONS = NO;
				ENABLE_STRICT_OBJC_MSGSEND = YES;
				GCC_C_LANGUAGE_STANDARD = gnu11;
				GCC_NO_COMMON_BLOCKS = YES;
				GCC_WARN_64_TO_32_BIT_CONVERSION = YES;
				GCC_WARN_ABOUT_RETURN_TYPE = YES_ERROR;
				GCC_WARN_UNDECLARED_SELECTOR = YES;
				GCC_WARN_UNINITIALIZED_AUTOS = YES_AGGRESSIVE;
				GCC_WARN_UNUSED_FUNCTION = YES;
				GCC_WARN_UNUSED_VARIABLE = YES;
				MACOSX_DEPLOYMENT_TARGET = 10.14;
				MTL_ENABLE_DEBUG_INFO = NO;
				MTL_FAST_MATH = YES;
				SDKROOT = macosx;
				SWIFT_COMPILATION_MODE = wholemodule;
				SWIFT_OPTIMIZATION_LEVEL = "-O";
			};
			name = Release;
		};
		11B6490C22B833F80065CE65 /* Debug */ = {
			isa = XCBuildConfiguration;
			buildSettings = {
				ASSETCATALOG_COMPILER_APPICON_NAME = AppIcon;
				CODE_SIGN_STYLE = Automatic;
				COMBINE_HIDPI_IMAGES = YES;
				INFOPLIST_FILE = ConsulTouchBarOps/Info.plist;
				LD_RUNPATH_SEARCH_PATHS = (
					"$(inherited)",
					"@executable_path/../Frameworks",
				);
				PRODUCT_BUNDLE_IDENTIFIER = de.banksco.ConsulTouchBarOps;
				PRODUCT_NAME = "$(TARGET_NAME)";
				SWIFT_VERSION = 5.0;
			};
			name = Debug;
		};
		11B6490D22B833F80065CE65 /* Release */ = {
			isa = XCBuildConfiguration;
			buildSettings = {
				ASSETCATALOG_COMPILER_APPICON_NAME = AppIcon;
				CODE_SIGN_STYLE = Automatic;
				COMBINE_HIDPI_IMAGES = YES;
				INFOPLIST_FILE = ConsulTouchBarOps/Info.plist;
				LD_RUNPATH_SEARCH_PATHS = (
					"$(inherited)",
					"@executable_path/../Frameworks",
				);
				PRODUCT_BUNDLE_IDENTIFIER = de.banksco.ConsulTouchBarOps;
				PRODUCT_NAME = "$(TARGET_NAME)";
				SWIFT_VERSION = 5.0;
			};
			name = Release;
		};
		11B6490F22B833F80065CE65 /* Debug */ = {
			isa = XCBuildConfiguration;
			buildSettings = {
				ALWAYS_EMBED_SWIFT_STANDARD_LIBRARIES = YES;
				BUNDLE_LOADER = "$(TEST_HOST)";
				CODE_SIGN_STYLE = Automatic;
				COMBINE_HIDPI_IMAGES = YES;
				INFOPLIST_FILE = ConsulTouchBarOpsTests/Info.plist;
				LD_RUNPATH_SEARCH_PATHS = (
					"$(inherited)",
					"@executable_path/../Frameworks",
					"@loader_path/../Frameworks",
				);
				PRODUCT_BUNDLE_IDENTIFIER = de.banksco.ConsulTouchBarOpsTests;
				PRODUCT_NAME = "$(TARGET_NAME)";
				SWIFT_VERSION = 5.0;
				TEST_HOST = "$(BUILT_PRODUCTS_DIR)/ConsulTouchBarOps.app/Contents/MacOS/ConsulTouchBarOps";
			};
			name = Debug;
		};
		11B6491022B833F80065CE65 /* Release */ = {
			isa = XCBuildConfiguration;
			buildSettings = {
				ALWAYS_EMBED_SWIFT_STANDARD_LIBRARIES = YES;
				BUNDLE_LOADER = "$(TEST_HOST)";
				CODE_SIGN_STYLE = Automatic;
				COMBINE_HIDPI_IMAGES = YES;
				INFOPLIST_FILE = ConsulTouchBarOpsTests/Info.plist;
				LD_RUNPATH_SEARCH_PATHS = (
					"$(inherited)",
					"@executable_path/../Frameworks",
					"@loader_path/../Frameworks",
				);
				PRODUCT_BUNDLE_IDENTIFIER = de.banksco.ConsulTouchBarOpsTests;
				PRODUCT_NAME = "$(TARGET_NAME)";
				SWIFT_VERSION = 5.0;
				TEST_HOST = "$(BUILT_PRODUCTS_DIR)/ConsulTouchBarOps.app/Contents/MacOS/ConsulTouchBarOps";
			};
			name = Release;
		};
/* End XCBuildConfiguration section */

/* Begin XCConfigurationList section */
		11B648EB22B833F60065CE65 /* Build configuration list for PBXProject "ConsulTouchBarOps" */ = {
			isa = XCConfigurationList;
			buildConfigurations = (
				11B6490922B833F80065CE65 /* Debug */,
				11B6490A22B833F80065CE65 /* Release */,
			);
			defaultConfigurationIsVisible = 0;
			defaultConfigurationName = Release;
		};
		11B6490B22B833F80065CE65 /* Build configuration list for PBXNativeTarget "ConsulTouchBarOps" */ = {
			isa = XCConfigurationList;
			buildConfigurations = (
				11B6490C22B833F80065CE65 /* Debug */,
				11B6490D22B833F80065CE65 /* Release */,
			);
			defaultConfigurationIsVisible = 0;
			defaultConfigurationName = Release;
		};
		11B6490E22B833F80065CE65 /* Build configuration list for PBXNativeTarget "ConsulTouchBarOpsTests" */ = {
			isa = XCConfigurationList;
			buildConfigurations = (
				11B6490F22B833F80065CE65 /* Debug */,
				11B6491022B833F80065CE65 /* Release */,
			);
			defaultConfigurationIsVisible = 0;
			defaultConfigurationName = Release;
		};
/* End XCConfigurationList section */
	};
	rootObject = 11B648E822B833F60065CE65 /* Project object */;
}
